preprocess:
  cmd: python -m spacy run preprocess
  script:
    - python scripts/preprocess.py assets/all_region_training.json corpus/all_region_training.spacy
    - python scripts/preprocess.py assets/all_region_training_eval.json corpus/all_region_training_eval.spacy
  deps:
    - path: assets/all_region_training.json
      md5: 0507ffa66b862fa915666b453e1d7477
  outs:
    - path: corpus/all_region_training.spacy
      md5: 3f0a8701a15c4d1a0ed4252d6761b65e
  spacy_version: 3.1.2
  spacy_git_version: e1f88de72
train:
  cmd: python -m spacy run train
  script:
    - python -m spacy train configs/config.cfg --output training/ --paths.train corpus/all_region_training.spacy
      --paths.dev corpus/all_region_training_eval.spacy
  deps:
    - path: corpus/all_region_training.spacy
      md5: 3f0a8701a15c4d1a0ed4252d6761b65e
  outs:
    - path: training/model-best
      md5: 0b2fc65e63ebdc43ef94ec39fd3d0490
  spacy_version: 3.1.2
  spacy_git_version: e1f88de72
evaluate:
  cmd: python -m spacy run evaluate
  script:
    - python -m spacy evaluate training/model-best corpus/all_region_training_eval.spacy
      --output training/metrics.json
  deps:
    - path: corpus/all_region_training_eval.spacy
      md5: 2231233840d0f68064172a0845cc2013
    - path: training/model-best
      md5: 806514215b25029412efbb9da27c7fca
  outs:
    - path: training/metrics.json
      md5: 622998c9f753d5878d03da16f2b33e36
  spacy_version: 3.1.2
  spacy_git_version: e1f88de72
