preprocess:
  cmd: python -m spacy run preprocess
  script:
    - python scripts/preprocess.py assets/all_region_training.json corpus/all_region_training.spacy
    - python scripts/preprocess.py assets/all_region_training_eval.json corpus/all_region_training_eval.spacy
  deps:
    - path: assets/all_region_training.json
      md5: 0507ffa66b862fa915666b453e1d7477
  outs:
    - path: corpus/all_region_training.spacy
      md5: ee098559a1722b4e3955c2ac1c87c959
  spacy_version: 3.1.2
  spacy_git_version: e1f88de72
train:
  cmd: python -m spacy run train
  script:
    - python -m spacy train configs/config.cfg --output training/ --paths.train corpus/all_region_training.spacy
      --paths.dev corpus/all_region_training_eval.spacy
  deps:
    - path: corpus/all_region_training.spacy
      md5: ee098559a1722b4e3955c2ac1c87c959
  outs:
    - path: training/model-best
      md5: 806514215b25029412efbb9da27c7fca
  spacy_version: 3.1.2
  spacy_git_version: e1f88de72
